// !$*UTF8*$!
{
	archiveVersion = 1;
	classes = {
	};
	objectVersion = 48;
	objects = {

/* Begin PBXBuildFile section */
		0606EB2C201A4C2600BB0E6E /* AppDelegate.swift in Sources */ = {isa = PBXBuildFile; fileRef = 0606EB2B201A4C2600BB0E6E /* AppDelegate.swift */; };
		0606EB2E201A4C2600BB0E6E /* ListOfPostViewController.swift in Sources */ = {isa = PBXBuildFile; fileRef = 0606EB2D201A4C2600BB0E6E /* ListOfPostViewController.swift */; };
		0606EB31201A4C2600BB0E6E /* Main.storyboard in Resources */ = {isa = PBXBuildFile; fileRef = 0606EB2F201A4C2600BB0E6E /* Main.storyboard */; };
		0606EB33201A4C2600BB0E6E /* Assets.xcassets in Resources */ = {isa = PBXBuildFile; fileRef = 0606EB32201A4C2600BB0E6E /* Assets.xcassets */; };
		0606EB36201A4C2600BB0E6E /* LaunchScreen.storyboard in Resources */ = {isa = PBXBuildFile; fileRef = 0606EB34201A4C2600BB0E6E /* LaunchScreen.storyboard */; };
		0698063F2023B0F5005CF3B6 /* Post.swift in Sources */ = {isa = PBXBuildFile; fileRef = 0698063E2023B0F5005CF3B6 /* Post.swift */; };
		069806412023B2BA005CF3B6 /* PostViewModel.swift in Sources */ = {isa = PBXBuildFile; fileRef = 069806402023B2BA005CF3B6 /* PostViewModel.swift */; };
		069806432023B7DB005CF3B6 /* PostTableViewCell.swift in Sources */ = {isa = PBXBuildFile; fileRef = 069806422023B7DB005CF3B6 /* PostTableViewCell.swift */; };
		0698064720250B2F005CF3B6 /* Constants.swift in Sources */ = {isa = PBXBuildFile; fileRef = 0698064620250B2F005CF3B6 /* Constants.swift */; };
		0698064920250D9F005CF3B6 /* HttpClient.swift in Sources */ = {isa = PBXBuildFile; fileRef = 0698064820250D9F005CF3B6 /* HttpClient.swift */; };
		0698064B2025B0E9005CF3B6 /* DetailsOfBlogViewController.swift in Sources */ = {isa = PBXBuildFile; fileRef = 0698064A2025B0E9005CF3B6 /* DetailsOfBlogViewController.swift */; };
		0698064D2025C855005CF3B6 /* TextPost.swift in Sources */ = {isa = PBXBuildFile; fileRef = 0698064C2025C855005CF3B6 /* TextPost.swift */; };
		0698064F2025C869005CF3B6 /* PhotoPost.swift in Sources */ = {isa = PBXBuildFile; fileRef = 0698064E2025C869005CF3B6 /* PhotoPost.swift */; };
		069806512025C877005CF3B6 /* VideoPost.swift in Sources */ = {isa = PBXBuildFile; fileRef = 069806502025C877005CF3B6 /* VideoPost.swift */; };
		069806532025C897005CF3B6 /* QuotePost.swift in Sources */ = {isa = PBXBuildFile; fileRef = 069806522025C897005CF3B6 /* QuotePost.swift */; };
		069806552025C8A7005CF3B6 /* LinkPost.swift in Sources */ = {isa = PBXBuildFile; fileRef = 069806542025C8A7005CF3B6 /* LinkPost.swift */; };
		069806572025C8B5005CF3B6 /* ChatPost.swift in Sources */ = {isa = PBXBuildFile; fileRef = 069806562025C8B5005CF3B6 /* ChatPost.swift */; };
		069806592025C8CA005CF3B6 /* AudioPost.swift in Sources */ = {isa = PBXBuildFile; fileRef = 069806582025C8CA005CF3B6 /* AudioPost.swift */; };
		0698065B2025C8D8005CF3B6 /* AnswerPost.swift in Sources */ = {isa = PBXBuildFile; fileRef = 0698065A2025C8D8005CF3B6 /* AnswerPost.swift */; };
		069D1FD42025F5E200AE686B /* PhotoPostTableViewCell.swift in Sources */ = {isa = PBXBuildFile; fileRef = 069D1FD32025F5E200AE686B /* PhotoPostTableViewCell.swift */; };
		069D1FD62026047700AE686B /* VideoPostTableViewCell.swift in Sources */ = {isa = PBXBuildFile; fileRef = 069D1FD52026047700AE686B /* VideoPostTableViewCell.swift */; };
		069D1FD82026048A00AE686B /* AudioPostTableViewCell.swift in Sources */ = {isa = PBXBuildFile; fileRef = 069D1FD72026048A00AE686B /* AudioPostTableViewCell.swift */; };
		069D1FDA2026049B00AE686B /* TextPostTableViewCell.swift in Sources */ = {isa = PBXBuildFile; fileRef = 069D1FD92026049B00AE686B /* TextPostTableViewCell.swift */; };
		06AEB77E202796C30088B133 /* AspectRatioScaledToWidthFilter.swift in Sources */ = {isa = PBXBuildFile; fileRef = 06AEB77D202796C30088B133 /* AspectRatioScaledToWidthFilter.swift */; };
		9CFB71AB1CAB85F79C67C937 /* Pods_Tumblr.framework in Frameworks */ = {isa = PBXBuildFile; fileRef = 8EC8C8EF7A527E0759FE3276 /* Pods_Tumblr.framework */; };
/* End PBXBuildFile section */

/* Begin PBXFileReference section */
		0606EB28201A4C2600BB0E6E /* Tumblr.app */ = {isa = PBXFileReference; explicitFileType = wrapper.application; includeInIndex = 0; path = Tumblr.app; sourceTree = BUILT_PRODUCTS_DIR; };
		0606EB2B201A4C2600BB0E6E /* AppDelegate.swift */ = {isa = PBXFileReference; lastKnownFileType = sourcecode.swift; path = AppDelegate.swift; sourceTree = "<group>"; };
		0606EB2D201A4C2600BB0E6E /* ListOfPostViewController.swift */ = {isa = PBXFileReference; lastKnownFileType = sourcecode.swift; path = ListOfPostViewController.swift; sourceTree = "<group>"; };
		0606EB30201A4C2600BB0E6E /* Base */ = {isa = PBXFileReference; lastKnownFileType = file.storyboard; name = Base; path = Base.lproj/Main.storyboard; sourceTree = "<group>"; };
		0606EB32201A4C2600BB0E6E /* Assets.xcassets */ = {isa = PBXFileReference; lastKnownFileType = folder.assetcatalog; path = Assets.xcassets; sourceTree = "<group>"; };
		0606EB35201A4C2600BB0E6E /* Base */ = {isa = PBXFileReference; lastKnownFileType = file.storyboard; name = Base; path = Base.lproj/LaunchScreen.storyboard; sourceTree = "<group>"; };
		0606EB37201A4C2600BB0E6E /* Info.plist */ = {isa = PBXFileReference; lastKnownFileType = text.plist.xml; path = Info.plist; sourceTree = "<group>"; };
		0698063E2023B0F5005CF3B6 /* Post.swift */ = {isa = PBXFileReference; lastKnownFileType = sourcecode.swift; path = Post.swift; sourceTree = "<group>"; };
		069806402023B2BA005CF3B6 /* PostViewModel.swift */ = {isa = PBXFileReference; lastKnownFileType = sourcecode.swift; path = PostViewModel.swift; sourceTree = "<group>"; };
		069806422023B7DB005CF3B6 /* PostTableViewCell.swift */ = {isa = PBXFileReference; lastKnownFileType = sourcecode.swift; path = PostTableViewCell.swift; sourceTree = "<group>"; };
		0698064620250B2F005CF3B6 /* Constants.swift */ = {isa = PBXFileReference; lastKnownFileType = sourcecode.swift; path = Constants.swift; sourceTree = "<group>"; };
		0698064820250D9F005CF3B6 /* HttpClient.swift */ = {isa = PBXFileReference; lastKnownFileType = sourcecode.swift; path = HttpClient.swift; sourceTree = "<group>"; };
		0698064A2025B0E9005CF3B6 /* DetailsOfBlogViewController.swift */ = {isa = PBXFileReference; lastKnownFileType = sourcecode.swift; path = DetailsOfBlogViewController.swift; sourceTree = "<group>"; };
		0698064C2025C855005CF3B6 /* TextPost.swift */ = {isa = PBXFileReference; lastKnownFileType = sourcecode.swift; path = TextPost.swift; sourceTree = "<group>"; };
		0698064E2025C869005CF3B6 /* PhotoPost.swift */ = {isa = PBXFileReference; lastKnownFileType = sourcecode.swift; path = PhotoPost.swift; sourceTree = "<group>"; };
		069806502025C877005CF3B6 /* VideoPost.swift */ = {isa = PBXFileReference; lastKnownFileType = sourcecode.swift; path = VideoPost.swift; sourceTree = "<group>"; };
		069806522025C897005CF3B6 /* QuotePost.swift */ = {isa = PBXFileReference; lastKnownFileType = sourcecode.swift; path = QuotePost.swift; sourceTree = "<group>"; };
		069806542025C8A7005CF3B6 /* LinkPost.swift */ = {isa = PBXFileReference; lastKnownFileType = sourcecode.swift; path = LinkPost.swift; sourceTree = "<group>"; };
		069806562025C8B5005CF3B6 /* ChatPost.swift */ = {isa = PBXFileReference; lastKnownFileType = sourcecode.swift; path = ChatPost.swift; sourceTree = "<group>"; };
		069806582025C8CA005CF3B6 /* AudioPost.swift */ = {isa = PBXFileReference; lastKnownFileType = sourcecode.swift; path = AudioPost.swift; sourceTree = "<group>"; };
		0698065A2025C8D8005CF3B6 /* AnswerPost.swift */ = {isa = PBXFileReference; lastKnownFileType = sourcecode.swift; path = AnswerPost.swift; sourceTree = "<group>"; };
		069D1FD32025F5E200AE686B /* PhotoPostTableViewCell.swift */ = {isa = PBXFileReference; lastKnownFileType = sourcecode.swift; path = PhotoPostTableViewCell.swift; sourceTree = "<group>"; };
		069D1FD52026047700AE686B /* VideoPostTableViewCell.swift */ = {isa = PBXFileReference; lastKnownFileType = sourcecode.swift; path = VideoPostTableViewCell.swift; sourceTree = "<group>"; };
		069D1FD72026048A00AE686B /* AudioPostTableViewCell.swift */ = {isa = PBXFileReference; lastKnownFileType = sourcecode.swift; path = AudioPostTableViewCell.swift; sourceTree = "<group>"; };
		069D1FD92026049B00AE686B /* TextPostTableViewCell.swift */ = {isa = PBXFileReference; lastKnownFileType = sourcecode.swift; path = TextPostTableViewCell.swift; sourceTree = "<group>"; };
		06AEB77D202796C30088B133 /* AspectRatioScaledToWidthFilter.swift */ = {isa = PBXFileReference; lastKnownFileType = sourcecode.swift; path = AspectRatioScaledToWidthFilter.swift; sourceTree = "<group>"; };
		3D5557B6FEF2692E3EA5363F /* Pods-Tumblr.release.xcconfig */ = {isa = PBXFileReference; includeInIndex = 1; lastKnownFileType = text.xcconfig; name = "Pods-Tumblr.release.xcconfig"; path = "Pods/Target Support Files/Pods-Tumblr/Pods-Tumblr.release.xcconfig"; sourceTree = "<group>"; };
		8EC8C8EF7A527E0759FE3276 /* Pods_Tumblr.framework */ = {isa = PBXFileReference; explicitFileType = wrapper.framework; includeInIndex = 0; path = Pods_Tumblr.framework; sourceTree = BUILT_PRODUCTS_DIR; };
		E4F848DAC0F09A4DD5B86C69 /* Pods-Tumblr.debug.xcconfig */ = {isa = PBXFileReference; includeInIndex = 1; lastKnownFileType = text.xcconfig; name = "Pods-Tumblr.debug.xcconfig"; path = "Pods/Target Support Files/Pods-Tumblr/Pods-Tumblr.debug.xcconfig"; sourceTree = "<group>"; };
/* End PBXFileReference section */

/* Begin PBXFrameworksBuildPhase section */
		0606EB25201A4C2600BB0E6E /* Frameworks */ = {
			isa = PBXFrameworksBuildPhase;
			buildActionMask = 2147483647;
			files = (
				9CFB71AB1CAB85F79C67C937 /* Pods_Tumblr.framework in Frameworks */,
			);
			runOnlyForDeploymentPostprocessing = 0;
		};
/* End PBXFrameworksBuildPhase section */

/* Begin PBXGroup section */
		0606EB1F201A4C2600BB0E6E = {
			isa = PBXGroup;
			children = (
				0606EB2A201A4C2600BB0E6E /* Tumblr */,
				0606EB29201A4C2600BB0E6E /* Products */,
				8028455E6C077B32B04EA32E /* Pods */,
				DB3633843AE3AB716582B3CD /* Frameworks */,
			);
			sourceTree = "<group>";
		};
		0606EB29201A4C2600BB0E6E /* Products */ = {
			isa = PBXGroup;
			children = (
				0606EB28201A4C2600BB0E6E /* Tumblr.app */,
			);
			name = Products;
			sourceTree = "<group>";
		};
		0606EB2A201A4C2600BB0E6E /* Tumblr */ = {
			isa = PBXGroup;
			children = (
				0698064420250AFA005CF3B6 /* Helpers */,
				0698063B2023A395005CF3B6 /* Services */,
				0698063A2023A2CE005CF3B6 /* ViewControllers */,
				069806392023A2A2005CF3B6 /* ViewModels */,
				069806382023A284005CF3B6 /* Models */,
				0606EB2B201A4C2600BB0E6E /* AppDelegate.swift */,
				0606EB2F201A4C2600BB0E6E /* Main.storyboard */,
				0606EB32201A4C2600BB0E6E /* Assets.xcassets */,
				0606EB34201A4C2600BB0E6E /* LaunchScreen.storyboard */,
				0606EB37201A4C2600BB0E6E /* Info.plist */,
			);
			path = Tumblr;
			sourceTree = "<group>";
		};
		069806382023A284005CF3B6 /* Models */ = {
			isa = PBXGroup;
			children = (
				0698063E2023B0F5005CF3B6 /* Post.swift */,
				0698064C2025C855005CF3B6 /* TextPost.swift */,
				0698064E2025C869005CF3B6 /* PhotoPost.swift */,
				069806502025C877005CF3B6 /* VideoPost.swift */,
				069806522025C897005CF3B6 /* QuotePost.swift */,
				069806542025C8A7005CF3B6 /* LinkPost.swift */,
				069806562025C8B5005CF3B6 /* ChatPost.swift */,
				069806582025C8CA005CF3B6 /* AudioPost.swift */,
				0698065A2025C8D8005CF3B6 /* AnswerPost.swift */,
			);
			path = Models;
			sourceTree = "<group>";
		};
		069806392023A2A2005CF3B6 /* ViewModels */ = {
			isa = PBXGroup;
			children = (
				069806402023B2BA005CF3B6 /* PostViewModel.swift */,
			);
			path = ViewModels;
			sourceTree = "<group>";
		};
		0698063A2023A2CE005CF3B6 /* ViewControllers */ = {
			isa = PBXGroup;
			children = (
				0698063D2023A97A005CF3B6 /* CustomCells */,
				0606EB2D201A4C2600BB0E6E /* ListOfPostViewController.swift */,
				0698064A2025B0E9005CF3B6 /* DetailsOfBlogViewController.swift */,
			);
			path = ViewControllers;
			sourceTree = "<group>";
		};
		0698063B2023A395005CF3B6 /* Services */ = {
			isa = PBXGroup;
			children = (
				0698063C2023A3AE005CF3B6 /* Networking */,
			);
			path = Services;
			sourceTree = "<group>";
		};
		0698063C2023A3AE005CF3B6 /* Networking */ = {
			isa = PBXGroup;
			children = (
				0698064820250D9F005CF3B6 /* HttpClient.swift */,
			);
			path = Networking;
			sourceTree = "<group>";
		};
		0698063D2023A97A005CF3B6 /* CustomCells */ = {
			isa = PBXGroup;
			children = (
				069806422023B7DB005CF3B6 /* PostTableViewCell.swift */,
				069D1FD32025F5E200AE686B /* PhotoPostTableViewCell.swift */,
				069D1FD52026047700AE686B /* VideoPostTableViewCell.swift */,
				069D1FD72026048A00AE686B /* AudioPostTableViewCell.swift */,
				069D1FD92026049B00AE686B /* TextPostTableViewCell.swift */,
			);
			path = CustomCells;
			sourceTree = "<group>";
		};
		0698064420250AFA005CF3B6 /* Helpers */ = {
			isa = PBXGroup;
			children = (
				0698064520250B14005CF3B6 /* Constants */,
				06AEB77D202796C30088B133 /* AspectRatioScaledToWidthFilter.swift */,
			);
			path = Helpers;
			sourceTree = "<group>";
		};
		0698064520250B14005CF3B6 /* Constants */ = {
			isa = PBXGroup;
			children = (
				0698064620250B2F005CF3B6 /* Constants.swift */,
			);
			path = Constants;
			sourceTree = "<group>";
		};
		8028455E6C077B32B04EA32E /* Pods */ = {
			isa = PBXGroup;
			children = (
				E4F848DAC0F09A4DD5B86C69 /* Pods-Tumblr.debug.xcconfig */,
				3D5557B6FEF2692E3EA5363F /* Pods-Tumblr.release.xcconfig */,
			);
			name = Pods;
			sourceTree = "<group>";
		};
		DB3633843AE3AB716582B3CD /* Frameworks */ = {
			isa = PBXGroup;
			children = (
				8EC8C8EF7A527E0759FE3276 /* Pods_Tumblr.framework */,
			);
			name = Frameworks;
			sourceTree = "<group>";
		};
/* End PBXGroup section */

/* Begin PBXNativeTarget section */
		0606EB27201A4C2600BB0E6E /* Tumblr */ = {
			isa = PBXNativeTarget;
			buildConfigurationList = 0606EB3A201A4C2600BB0E6E /* Build configuration list for PBXNativeTarget "Tumblr" */;
			buildPhases = (
				277C469269B10B482F0F87CF /* [CP] Check Pods Manifest.lock */,
				0606EB24201A4C2600BB0E6E /* Sources */,
				0606EB25201A4C2600BB0E6E /* Frameworks */,
				0606EB26201A4C2600BB0E6E /* Resources */,
				D36A1AEE79E0D6A4C4FC763F /* [CP] Embed Pods Frameworks */,
				43C93535B8D2FEE799A51C3D /* [CP] Copy Pods Resources */,
			);
			buildRules = (
			);
			dependencies = (
			);
			name = Tumblr;
			productName = Tumblr;
			productReference = 0606EB28201A4C2600BB0E6E /* Tumblr.app */;
			productType = "com.apple.product-type.application";
		};
/* End PBXNativeTarget section */

/* Begin PBXProject section */
		0606EB20201A4C2600BB0E6E /* Project object */ = {
			isa = PBXProject;
			attributes = {
				LastSwiftUpdateCheck = 0920;
				LastUpgradeCheck = 0920;
				ORGANIZATIONNAME = Katerina;
				TargetAttributes = {
					0606EB27201A4C2600BB0E6E = {
						CreatedOnToolsVersion = 9.2;
						ProvisioningStyle = Automatic;
					};
				};
			};
			buildConfigurationList = 0606EB23201A4C2600BB0E6E /* Build configuration list for PBXProject "Tumblr" */;
			compatibilityVersion = "Xcode 8.0";
			developmentRegion = en;
			hasScannedForEncodings = 0;
			knownRegions = (
				en,
				Base,
			);
			mainGroup = 0606EB1F201A4C2600BB0E6E;
			productRefGroup = 0606EB29201A4C2600BB0E6E /* Products */;
			projectDirPath = "";
			projectRoot = "";
			targets = (
				0606EB27201A4C2600BB0E6E /* Tumblr */,
			);
		};
/* End PBXProject section */

/* Begin PBXResourcesBuildPhase section */
		0606EB26201A4C2600BB0E6E /* Resources */ = {
			isa = PBXResourcesBuildPhase;
			buildActionMask = 2147483647;
			files = (
				0606EB36201A4C2600BB0E6E /* LaunchScreen.storyboard in Resources */,
				0606EB33201A4C2600BB0E6E /* Assets.xcassets in Resources */,
				0606EB31201A4C2600BB0E6E /* Main.storyboard in Resources */,
			);
			runOnlyForDeploymentPostprocessing = 0;
		};
/* End PBXResourcesBuildPhase section */

/* Begin PBXShellScriptBuildPhase section */
		277C469269B10B482F0F87CF /* [CP] Check Pods Manifest.lock */ = {
			isa = PBXShellScriptBuildPhase;
			buildActionMask = 2147483647;
			files = (
			);
			inputPaths = (
				"${PODS_PODFILE_DIR_PATH}/Podfile.lock",
				"${PODS_ROOT}/Manifest.lock",
			);
			name = "[CP] Check Pods Manifest.lock";
			outputPaths = (
				"$(DERIVED_FILE_DIR)/Pods-Tumblr-checkManifestLockResult.txt",
			);
			runOnlyForDeploymentPostprocessing = 0;
			shellPath = /bin/sh;
			shellScript = "diff \"${PODS_PODFILE_DIR_PATH}/Podfile.lock\" \"${PODS_ROOT}/Manifest.lock\" > /dev/null\nif [ $? != 0 ] ; then\n    # print error to STDERR\n    echo \"error: The sandbox is not in sync with the Podfile.lock. Run 'pod install' or update your CocoaPods installation.\" >&2\n    exit 1\nfi\n# This output is used by Xcode 'outputs' to avoid re-running this script phase.\necho \"SUCCESS\" > \"${SCRIPT_OUTPUT_FILE_0}\"\n";
			showEnvVarsInLog = 0;
		};
		43C93535B8D2FEE799A51C3D /* [CP] Copy Pods Resources */ = {
			isa = PBXShellScriptBuildPhase;
			buildActionMask = 2147483647;
			files = (
			);
			inputPaths = (
			);
			name = "[CP] Copy Pods Resources";
			outputPaths = (
			);
			runOnlyForDeploymentPostprocessing = 0;
			shellPath = /bin/sh;
			shellScript = "\"${SRCROOT}/Pods/Target Support Files/Pods-Tumblr/Pods-Tumblr-resources.sh\"\n";
			showEnvVarsInLog = 0;
		};
		D36A1AEE79E0D6A4C4FC763F /* [CP] Embed Pods Frameworks */ = {
			isa = PBXShellScriptBuildPhase;
			buildActionMask = 2147483647;
			files = (
			);
			inputPaths = (
				"${SRCROOT}/Pods/Target Support Files/Pods-Tumblr/Pods-Tumblr-frameworks.sh",
				"${BUILT_PRODUCTS_DIR}/Alamofire/Alamofire.framework",
				"${BUILT_PRODUCTS_DIR}/AlamofireImage/AlamofireImage.framework",
				"${BUILT_PRODUCTS_DIR}/SwiftyJSON/SwiftyJSON.framework",
			);
			name = "[CP] Embed Pods Frameworks";
			outputPaths = (
				"${TARGET_BUILD_DIR}/${FRAMEWORKS_FOLDER_PATH}/Alamofire.framework",
				"${TARGET_BUILD_DIR}/${FRAMEWORKS_FOLDER_PATH}/AlamofireImage.framework",
				"${TARGET_BUILD_DIR}/${FRAMEWORKS_FOLDER_PATH}/SwiftyJSON.framework",
			);
			runOnlyForDeploymentPostprocessing = 0;
			shellPath = /bin/sh;
			shellScript = "\"${SRCROOT}/Pods/Target Support Files/Pods-Tumblr/Pods-Tumblr-frameworks.sh\"\n";
			showEnvVarsInLog = 0;
		};
/* End PBXShellScriptBuildPhase section */

/* Begin PBXSourcesBuildPhase section */
		0606EB24201A4C2600BB0E6E /* Sources */ = {
			isa = PBXSourcesBuildPhase;
			buildActionMask = 2147483647;
			files = (
				069D1FD42025F5E200AE686B /* PhotoPostTableViewCell.swift in Sources */,
				069806412023B2BA005CF3B6 /* PostViewModel.swift in Sources */,
				0698065B2025C8D8005CF3B6 /* AnswerPost.swift in Sources */,
				069D1FD62026047700AE686B /* VideoPostTableViewCell.swift in Sources */,
				069806512025C877005CF3B6 /* VideoPost.swift in Sources */,
				0698063F2023B0F5005CF3B6 /* Post.swift in Sources */,
				0698064F2025C869005CF3B6 /* PhotoPost.swift in Sources */,
				0698064D2025C855005CF3B6 /* TextPost.swift in Sources */,
				069806592025C8CA005CF3B6 /* AudioPost.swift in Sources */,
				069806432023B7DB005CF3B6 /* PostTableViewCell.swift in Sources */,
				069D1FD82026048A00AE686B /* AudioPostTableViewCell.swift in Sources */,
				069806552025C8A7005CF3B6 /* LinkPost.swift in Sources */,
				069D1FDA2026049B00AE686B /* TextPostTableViewCell.swift in Sources */,
				069806532025C897005CF3B6 /* QuotePost.swift in Sources */,
				0606EB2E201A4C2600BB0E6E /* ListOfPostViewController.swift in Sources */,
				0698064920250D9F005CF3B6 /* HttpClient.swift in Sources */,
				0606EB2C201A4C2600BB0E6E /* AppDelegate.swift in Sources */,
				069806572025C8B5005CF3B6 /* ChatPost.swift in Sources */,
				06AEB77E202796C30088B133 /* AspectRatioScaledToWidthFilter.swift in Sources */,
				0698064B2025B0E9005CF3B6 /* DetailsOfBlogViewController.swift in Sources */,
				0698064720250B2F005CF3B6 /* Constants.swift in Sources */,
			);
			runOnlyForDeploymentPostprocessing = 0;
		};
/* End PBXSourcesBuildPhase section */

/* Begin PBXVariantGroup section */
		0606EB2F201A4C2600BB0E6E /* Main.storyboard */ = {
			isa = PBXVariantGroup;
			children = (
				0606EB30201A4C2600BB0E6E /* Base */,
			);
			name = Main.storyboard;
			sourceTree = "<group>";
		};
		0606EB34201A4C2600BB0E6E /* LaunchScreen.storyboard */ = {
			isa = PBXVariantGroup;
			children = (
				0606EB35201A4C2600BB0E6E /* Base */,
			);
			name = LaunchScreen.storyboard;
			sourceTree = "<group>";
		};
/* End PBXVariantGroup section */

/* Begin XCBuildConfiguration section */
		0606EB38201A4C2600BB0E6E /* Debug */ = {
			isa = XCBuildConfiguration;
			buildSettings = {
				ALWAYS_SEARCH_USER_PATHS = NO;
				CLANG_ANALYZER_NONNULL = YES;
				CLANG_ANALYZER_NUMBER_OBJECT_CONVERSION = YES_AGGRESSIVE;
				CLANG_CXX_LANGUAGE_STANDARD = "gnu++14";
				CLANG_CXX_LIBRARY = "libc++";
				CLANG_ENABLE_MODULES = YES;
				CLANG_ENABLE_OBJC_ARC = YES;
				CLANG_WARN_BLOCK_CAPTURE_AUTORELEASING = YES;
				CLANG_WARN_BOOL_CONVERSION = YES;
				CLANG_WARN_COMMA = YES;
				CLANG_WARN_CONSTANT_CONVERSION = YES;
				CLANG_WARN_DIRECT_OBJC_ISA_USAGE = YES_ERROR;
				CLANG_WARN_DOCUMENTATION_COMMENTS = YES;
				CLANG_WARN_EMPTY_BODY = YES;
				CLANG_WARN_ENUM_CONVERSION = YES;
				CLANG_WARN_INFINITE_RECURSION = YES;
				CLANG_WARN_INT_CONVERSION = YES;
				CLANG_WARN_NON_LITERAL_NULL_CONVERSION = YES;
				CLANG_WARN_OBJC_LITERAL_CONVERSION = YES;
				CLANG_WARN_OBJC_ROOT_CLASS = YES_ERROR;
				CLANG_WARN_RANGE_LOOP_ANALYSIS = YES;
				CLANG_WARN_STRICT_PROTOTYPES = YES;
				CLANG_WARN_SUSPICIOUS_MOVE = YES;
				CLANG_WARN_UNGUARDED_AVAILABILITY = YES_AGGRESSIVE;
				CLANG_WARN_UNREACHABLE_CODE = YES;
				CLANG_WARN__DUPLICATE_METHOD_MATCH = YES;
				CODE_SIGN_IDENTITY = "iPhone Developer";
				COPY_PHASE_STRIP = NO;
				DEBUG_INFORMATION_FORMAT = dwarf;
				ENABLE_STRICT_OBJC_MSGSEND = YES;
				ENABLE_TESTABILITY = YES;
				GCC_C_LANGUAGE_STANDARD = gnu11;
				GCC_DYNAMIC_NO_PIC = NO;
				GCC_NO_COMMON_BLOCKS = YES;
				GCC_OPTIMIZATION_LEVEL = 0;
				GCC_PREPROCESSOR_DEFINITIONS = (
					"DEBUG=1",
					"$(inherited)",
				);
				GCC_WARN_64_TO_32_BIT_CONVERSION = YES;
				GCC_WARN_ABOUT_RETURN_TYPE = YES_ERROR;
				GCC_WARN_UNDECLARED_SELECTOR = YES;
				GCC_WARN_UNINITIALIZED_AUTOS = YES_AGGRESSIVE;
				GCC_WARN_UNUSED_FUNCTION = YES;
				GCC_WARN_UNUSED_VARIABLE = YES;
				IPHONEOS_DEPLOYMENT_TARGET = 11.2;
				MTL_ENABLE_DEBUG_INFO = YES;
				ONLY_ACTIVE_ARCH = YES;
				SDKROOT = iphoneos;
				SWIFT_ACTIVE_COMPILATION_CONDITIONS = DEBUG;
				SWIFT_OPTIMIZATION_LEVEL = "-Onone";
			};
			name = Debug;
		};
		0606EB39201A4C2600BB0E6E /* Release */ = {
			isa = XCBuildConfiguration;
			buildSettings = {
				ALWAYS_SEARCH_USER_PATHS = NO;
				CLANG_ANALYZER_NONNULL = YES;
				CLANG_ANALYZER_NUMBER_OBJECT_CONVERSION = YES_AGGRESSIVE;
				CLANG_CXX_LANGUAGE_STANDARD = "gnu++14";
				CLANG_CXX_LIBRARY = "libc++";
				CLANG_ENABLE_MODULES = YES;
				CLANG_ENABLE_OBJC_ARC = YES;
				CLANG_WARN_BLOCK_CAPTURE_AUTORELEASING = YES;
				CLANG_WARN_BOOL_CONVERSION = YES;
				CLANG_WARN_COMMA = YES;
				CLANG_WARN_CONSTANT_CONVERSION = YES;
				CLANG_WARN_DIRECT_OBJC_ISA_USAGE = YES_ERROR;
				CLANG_WARN_DOCUMENTATION_COMMENTS = YES;
				CLANG_WARN_EMPTY_BODY = YES;
				CLANG_WARN_ENUM_CONVERSION = YES;
				CLANG_WARN_INFINITE_RECURSION = YES;
				CLANG_WARN_INT_CONVERSION = YES;
				CLANG_WARN_NON_LITERAL_NULL_CONVERSION = YES;
				CLANG_WARN_OBJC_LITERAL_CONVERSION = YES;
				CLANG_WARN_OBJC_ROOT_CLASS = YES_ERROR;
				CLANG_WARN_RANGE_LOOP_ANALYSIS = YES;
				CLANG_WARN_STRICT_PROTOTYPES = YES;
				CLANG_WARN_SUSPICIOUS_MOVE = YES;
				CLANG_WARN_UNGUARDED_AVAILABILITY = YES_AGGRESSIVE;
				CLANG_WARN_UNREACHABLE_CODE = YES;
				CLANG_WARN__DUPLICATE_METHOD_MATCH = YES;
				CODE_SIGN_IDENTITY = "iPhone Developer";
				COPY_PHASE_STRIP = NO;
				DEBUG_INFORMATION_FORMAT = "dwarf-with-dsym";
				ENABLE_NS_ASSERTIONS = NO;
				ENABLE_STRICT_OBJC_MSGSEND = YES;
				GCC_C_LANGUAGE_STANDARD = gnu11;
				GCC_NO_COMMON_BLOCKS = YES;
				GCC_WARN_64_TO_32_BIT_CONVERSION = YES;
				GCC_WARN_ABOUT_RETURN_TYPE = YES_ERROR;
				GCC_WARN_UNDECLARED_SELECTOR = YES;
				GCC_WARN_UNINITIALIZED_AUTOS = YES_AGGRESSIVE;
				GCC_WARN_UNUSED_FUNCTION = YES;
				GCC_WARN_UNUSED_VARIABLE = YES;
				IPHONEOS_DEPLOYMENT_TARGET = 11.2;
				MTL_ENABLE_DEBUG_INFO = NO;
				SDKROOT = iphoneos;
				SWIFT_OPTIMIZATION_LEVEL = "-Owholemodule";
				VALIDATE_PRODUCT = YES;
			};
			name = Release;
		};
		0606EB3B201A4C2600BB0E6E /* Debug */ = {
			isa = XCBuildConfiguration;
			baseConfigurationReference = E4F848DAC0F09A4DD5B86C69 /* Pods-Tumblr.debug.xcconfig */;
			buildSettings = {
				ASSETCATALOG_COMPILER_APPICON_NAME = AppIcon;
				CODE_SIGN_STYLE = Automatic;
				DEVELOPMENT_TEAM = 9VD9T9R724;
				INFOPLIST_FILE = Tumblr/Info.plist;
				IPHONEOS_DEPLOYMENT_TARGET = 11.1;
				LD_RUNPATH_SEARCH_PATHS = "$(inherited) @executable_path/Frameworks";
				PRODUCT_BUNDLE_IDENTIFIER = ua.katerinanikolaenko.Tumblr;
				PRODUCT_NAME = "$(TARGET_NAME)";
				SWIFT_VERSION = 4.0;
				TARGETED_DEVICE_FAMILY = "1,2";
			};
			name = Debug;
		};
		0606EB3C201A4C2600BB0E6E /* Release */ = {
			isa = XCBuildConfiguration;
			baseConfigurationReference = 3D5557B6FEF2692E3EA5363F /* Pods-Tumblr.release.xcconfig */;
			buildSettings = {
				ASSETCATALOG_COMPILER_APPICON_NAME = AppIcon;
				CODE_SIGN_STYLE = Automatic;
				DEVELOPMENT_TEAM = 9VD9T9R724;
				INFOPLIST_FILE = Tumblr/Info.plist;
				IPHONEOS_DEPLOYMENT_TARGET = 11.1;
				LD_RUNPATH_SEARCH_PATHS = "$(inherited) @executable_path/Frameworks";
				PRODUCT_BUNDLE_IDENTIFIER = ua.katerinanikolaenko.Tumblr;
				PRODUCT_NAME = "$(TARGET_NAME)";
				SWIFT_VERSION = 4.0;
				TARGETED_DEVICE_FAMILY = "1,2";
			};
			name = Release;
		};
/* End XCBuildConfiguration section */

/* Begin XCConfigurationList section */
		0606EB23201A4C2600BB0E6E /* Build configuration list for PBXProject "Tumblr" */ = {
			isa = XCConfigurationList;
			buildConfigurations = (
				0606EB38201A4C2600BB0E6E /* Debug */,
				0606EB39201A4C2600BB0E6E /* Release */,
			);
			defaultConfigurationIsVisible = 0;
			defaultConfigurationName = Release;
		};
		0606EB3A201A4C2600BB0E6E /* Build configuration list for PBXNativeTarget "Tumblr" */ = {
			isa = XCConfigurationList;
			buildConfigurations = (
				0606EB3B201A4C2600BB0E6E /* Debug */,
				0606EB3C201A4C2600BB0E6E /* Release */,
			);
			defaultConfigurationIsVisible = 0;
			defaultConfigurationName = Release;
		};
/* End XCConfigurationList section */
	};
	rootObject = 0606EB20201A4C2600BB0E6E /* Project object */;
}
